lockfileVersion: '6.0'

settings:
  autoInstallPeers: true
  excludeLinksFromLockfile: false

dependencies:
  chart.js:
    specifier: ^4.3.3
    version: 4.3.3
  chartjs-adapter-date-fns:
    specifier: ^3.0.0
    version: 3.0.0(chart.js@4.3.3)(date-fns@2.30.0)
  date-fns:
    specifier: ^2.30.0
    version: 2.30.0

devDependencies:
  flowbite:
    specifier: ^1.8.1
    version: 1.8.1

packages:

  /@babel/runtime@7.22.10:
    resolution: {integrity: sha512-21t/fkKLMZI4pqP2wlmsQAWnYW1PDyKyyUV4vCi+B25ydmdaYTKXPwCj0BzSUnZf4seIiYvSA3jcZ3gdsMFkLQ==}
    engines: {node: '>=6.9.0'}
    dependencies:
      regenerator-runtime: 0.14.0
    dev: false

  /@kurkle/color@0.3.2:
    resolution: {integrity: sha512-fuscdXJ9G1qb7W8VdHi+IwRqij3lBkosAm4ydQtEmbY58OzHXqQhvlxqEkoz0yssNVn38bcpRWgA9PP+OGoisw==}
    dev: false

  /@popperjs/core@2.11.8:
    resolution: {integrity: sha512-P1st0aksCrn9sGZhp8GMYwBnQsbvAWsZAX44oXNNvLHGqAOcoVxmjZiohstwQ7SqKnbR47akdNi+uleWD8+g6A==}
    dev: true

  /chart.js@4.3.3:
    resolution: {integrity: sha512-aTk7pBw+x6sQYhon/NR3ikfUJuym/LdgpTlgZRe2PaEhjUMKBKyNaFCMVRAyTEWYFNO7qRu7iQVqOw/OqzxZxQ==}
    engines: {pnpm: '>=7'}
    dependencies:
      '@kurkle/color': 0.3.2
    dev: false

  /chartjs-adapter-date-fns@3.0.0(chart.js@4.3.3)(date-fns@2.30.0):
    resolution: {integrity: sha512-Rs3iEB3Q5pJ973J93OBTpnP7qoGwvq3nUnoMdtxO+9aoJof7UFcRbWcIDteXuYd1fgAvct/32T9qaLyLuZVwCg==}
    peerDependencies:
      chart.js: '>=2.8.0'
      date-fns: '>=2.0.0'
    dependencies:
      chart.js: 4.3.3
      date-fns: 2.30.0
    dev: false

  /date-fns@2.30.0:
    resolution: {integrity: sha512-fnULvOpxnC5/Vg3NCiWelDsLiUc9bRwAPs/+LfTLNvetFCtCTN+yQz15C/fs4AwX1R9K5GLtLfn8QW+dWisaAw==}
    engines: {node: '>=0.11'}
    dependencies:
      '@babel/runtime': 7.22.10
    dev: false

  /flowbite@1.8.1:
    resolution: {integrity: sha512-lXTcO8a6dRTPFpINyOLcATCN/pK1Of/jY4PryklPllAiqH64tSDUsOdQpar3TO59ZXWwugm2e92oaqwH6X90Xg==}
    dependencies:
      '@popperjs/core': 2.11.8
      mini-svg-data-uri: 1.4.4
    dev: true

  /mini-svg-data-uri@1.4.4:
    resolution: {integrity: sha512-r9deDe9p5FJUPZAk3A59wGH7Ii9YrjjWw0jmw/liSbHl2CHiyXj6FcDXDu2K3TjVAXqiJdaw3xxwlZZr9E6nHg==}
    hasBin: true
    dev: true

  /regenerator-runtime@0.14.0:
    resolution: {integrity: sha512-srw17NI0TUWHuGa5CFGGmhfNIeja30WMBfbslPNhf6JrqQlLN5gcrvig1oqPxiVaXb0oW0XRKtH6Nngs5lKCIA==}
    dev: false
